{"packages":{"rikulo_uxl":{"version":"0.5.1+1","source":"hosted","description":"rikulo_uxl"},"rikulo":{"version":"0.6.2+1","source":"hosted","description":"rikulo"},"args":{"version":"0.2.10+1","source":"hosted","description":"args"},"html5plus":{"version":"0.2.2+3","source":"hosted","description":"html5plus"},"rikulo_commons":{"version":"0.6.2+2","source":"hosted","description":"rikulo_commons"},"browser":{"version":"0.0.1","source":"hosted","description":"browser"},"unittest":{"version":"0.2.10+1","source":"hosted","description":"unittest"},"meta":{"version":"0.2.10+1","source":"hosted","description":"meta"},"js":{"version":"0.0.13","source":"hosted","description":"js"}}}