{"packages":{"rikulo_uxl":{"version":"0.5.1","source":"hosted","description":"rikulo_uxl"},"rikulo":{"version":"0.6.1","source":"hosted","description":"rikulo"},"args":{"version":"0.2.9+7","source":"hosted","description":"args"},"html5plus":{"version":"0.2.2+1","source":"hosted","description":"html5plus"},"unittest":{"version":"0.2.9+7","source":"hosted","description":"unittest"},"meta":{"version":"0.2.9+7","source":"hosted","description":"meta"}}}