# Generated by pub
# See http://pub.dartlang.org/doc/glossary.html#lockfile

{"packages":{"rikulo_uxl":{"version":"0.5.3+2","source":"hosted","description":"rikulo_uxl"},"rikulo_ui":{"version":"0.6.5+2","source":"hosted","description":"rikulo_ui"},"args":{"version":"0.4.5+1","source":"hosted","description":"args"},"html5plus":{"version":"0.4.1","source":"hosted","description":"html5plus"},"rikulo_commons":{"version":"0.6.10","source":"hosted","description":"rikulo_commons"},"browser":{"version":"0.4.5+1","source":"hosted","description":"browser"},"meta":{"version":"0.4.5+1","source":"hosted","description":"meta"},"unittest":{"version":"0.4.5+1","source":"hosted","description":"unittest"},"source_maps":{"version":"0.4.1+2","source":"hosted","description":"source_maps"},"js":{"version":"0.0.19","source":"hosted","description":"js"}}}
